// !$*UTF8*$!
{
	archiveVersion = 1;
	classes = {
	};
	objectVersion = 46;
	objects = {

/* Begin PBXBuildFile section */
		434D069E1A16669300B43CC3 /* main.m in Sources */ = {isa = PBXBuildFile; fileRef = 434D069D1A16669300B43CC3 /* main.m */; };
		434D06A11A16669300B43CC3 /* AppDelegate.m in Sources */ = {isa = PBXBuildFile; fileRef = 434D06A01A16669300B43CC3 /* AppDelegate.m */; };
		434D06A41A16669300B43CC3 /* ViewController.m in Sources */ = {isa = PBXBuildFile; fileRef = 434D06A31A16669300B43CC3 /* ViewController.m */; };
		434D06A71A16669300B43CC3 /* Main.storyboard in Resources */ = {isa = PBXBuildFile; fileRef = 434D06A51A16669300B43CC3 /* Main.storyboard */; };
		434D06A91A16669300B43CC3 /* Images.xcassets in Resources */ = {isa = PBXBuildFile; fileRef = 434D06A81A16669300B43CC3 /* Images.xcassets */; };
		434D06AC1A16669300B43CC3 /* LaunchScreen.xib in Resources */ = {isa = PBXBuildFile; fileRef = 434D06AA1A16669300B43CC3 /* LaunchScreen.xib */; };
		434D06B81A16669300B43CC3 /* CellsTests.m in Sources */ = {isa = PBXBuildFile; fileRef = 434D06B71A16669300B43CC3 /* CellsTests.m */; };
		4354DD311A16EF080074DBBC /* NameAndColorCell.m in Sources */ = {isa = PBXBuildFile; fileRef = 4354DD301A16EF080074DBBC /* NameAndColorCell.m */; };
		4354DD331A1708A70074DBBC /* NameAndColorCell.xib in Resources */ = {isa = PBXBuildFile; fileRef = 4354DD321A1708A70074DBBC /* NameAndColorCell.xib */; };
/* End PBXBuildFile section */

/* Begin PBXContainerItemProxy section */
		434D06B21A16669300B43CC3 /* PBXContainerItemProxy */ = {
			isa = PBXContainerItemProxy;
			containerPortal = 434D06901A16669300B43CC3 /* Project object */;
			proxyType = 1;
			remoteGlobalIDString = 434D06971A16669300B43CC3;
			remoteInfo = Cells;
		};
/* End PBXContainerItemProxy section */

/* Begin PBXFileReference section */
		434D06981A16669300B43CC3 /* Cells.app */ = {isa = PBXFileReference; explicitFileType = wrapper.application; includeInIndex = 0; path = Cells.app; sourceTree = BUILT_PRODUCTS_DIR; };
		434D069C1A16669300B43CC3 /* Info.plist */ = {isa = PBXFileReference; lastKnownFileType = text.plist.xml; path = Info.plist; sourceTree = "<group>"; };
		434D069D1A16669300B43CC3 /* main.m */ = {isa = PBXFileReference; lastKnownFileType = sourcecode.c.objc; path = main.m; sourceTree = "<group>"; };
		434D069F1A16669300B43CC3 /* AppDelegate.h */ = {isa = PBXFileReference; lastKnownFileType = sourcecode.c.h; path = AppDelegate.h; sourceTree = "<group>"; };
		434D06A01A16669300B43CC3 /* AppDelegate.m */ = {isa = PBXFileReference; lastKnownFileType = sourcecode.c.objc; path = AppDelegate.m; sourceTree = "<group>"; };
		434D06A21A16669300B43CC3 /* ViewController.h */ = {isa = PBXFileReference; lastKnownFileType = sourcecode.c.h; path = ViewController.h; sourceTree = "<group>"; };
		434D06A31A16669300B43CC3 /* ViewController.m */ = {isa = PBXFileReference; lastKnownFileType = sourcecode.c.objc; path = ViewController.m; sourceTree = "<group>"; };
		434D06A61A16669300B43CC3 /* Base */ = {isa = PBXFileReference; lastKnownFileType = file.storyboard; name = Base; path = Base.lproj/Main.storyboard; sourceTree = "<group>"; };
		434D06A81A16669300B43CC3 /* Images.xcassets */ = {isa = PBXFileReference; lastKnownFileType = folder.assetcatalog; path = Images.xcassets; sourceTree = "<group>"; };
		434D06AB1A16669300B43CC3 /* Base */ = {isa = PBXFileReference; lastKnownFileType = file.xib; name = Base; path = Base.lproj/LaunchScreen.xib; sourceTree = "<group>"; };
		434D06B11A16669300B43CC3 /* CellsTests.xctest */ = {isa = PBXFileReference; explicitFileType = wrapper.cfbundle; includeInIndex = 0; path = CellsTests.xctest; sourceTree = BUILT_PRODUCTS_DIR; };
		434D06B61A16669300B43CC3 /* Info.plist */ = {isa = PBXFileReference; lastKnownFileType = text.plist.xml; path = Info.plist; sourceTree = "<group>"; };
		434D06B71A16669300B43CC3 /* CellsTests.m */ = {isa = PBXFileReference; lastKnownFileType = sourcecode.c.objc; path = CellsTests.m; sourceTree = "<group>"; };
		4354DD2F1A16EF080074DBBC /* NameAndColorCell.h */ = {isa = PBXFileReference; fileEncoding = 4; lastKnownFileType = sourcecode.c.h; path = NameAndColorCell.h; sourceTree = "<group>"; };
		4354DD301A16EF080074DBBC /* NameAndColorCell.m */ = {isa = PBXFileReference; fileEncoding = 4; lastKnownFileType = sourcecode.c.objc; path = NameAndColorCell.m; sourceTree = "<group>"; };
		4354DD321A1708A70074DBBC /* NameAndColorCell.xib */ = {isa = PBXFileReference; fileEncoding = 4; lastKnownFileType = file.xib; path = NameAndColorCell.xib; sourceTree = "<group>"; };
/* End PBXFileReference section */

/* Begin PBXFrameworksBuildPhase section */
		434D06951A16669300B43CC3 /* Frameworks */ = {
			isa = PBXFrameworksBuildPhase;
			buildActionMask = 2147483647;
			files = (
			);
			runOnlyForDeploymentPostprocessing = 0;
		};
		434D06AE1A16669300B43CC3 /* Frameworks */ = {
			isa = PBXFrameworksBuildPhase;
			buildActionMask = 2147483647;
			files = (
			);
			runOnlyForDeploymentPostprocessing = 0;
		};
/* End PBXFrameworksBuildPhase section */

/* Begin PBXGroup section */
		434D068F1A16669300B43CC3 = {
			isa = PBXGroup;
			children = (
				434D069A1A16669300B43CC3 /* Cells */,
				434D06B41A16669300B43CC3 /* CellsTests */,
				434D06991A16669300B43CC3 /* Products */,
			);
			sourceTree = "<group>";
		};
		434D06991A16669300B43CC3 /* Products */ = {
			isa = PBXGroup;
			children = (
				434D06981A16669300B43CC3 /* Cells.app */,
				434D06B11A16669300B43CC3 /* CellsTests.xctest */,
			);
			name = Products;
			sourceTree = "<group>";
		};
		434D069A1A16669300B43CC3 /* Cells */ = {
			isa = PBXGroup;
			children = (
				4354DD321A1708A70074DBBC /* NameAndColorCell.xib */,
				4354DD2F1A16EF080074DBBC /* NameAndColorCell.h */,
				4354DD301A16EF080074DBBC /* NameAndColorCell.m */,
				434D069F1A16669300B43CC3 /* AppDelegate.h */,
				434D06A01A16669300B43CC3 /* AppDelegate.m */,
				434D06A21A16669300B43CC3 /* ViewController.h */,
				434D06A31A16669300B43CC3 /* ViewController.m */,
				434D06A51A16669300B43CC3 /* Main.storyboard */,
				434D06A81A16669300B43CC3 /* Images.xcassets */,
				434D06AA1A16669300B43CC3 /* LaunchScreen.xib */,
				434D069B1A16669300B43CC3 /* Supporting Files */,
			);
			path = Cells;
			sourceTree = "<group>";
		};
		434D069B1A16669300B43CC3 /* Supporting Files */ = {
			isa = PBXGroup;
			children = (
				434D069C1A16669300B43CC3 /* Info.plist */,
				434D069D1A16669300B43CC3 /* main.m */,
			);
			name = "Supporting Files";
			sourceTree = "<group>";
		};
		434D06B41A16669300B43CC3 /* CellsTests */ = {
			isa = PBXGroup;
			children = (
				434D06B71A16669300B43CC3 /* CellsTests.m */,
				434D06B51A16669300B43CC3 /* Supporting Files */,
			);
			path = CellsTests;
			sourceTree = "<group>";
		};
		434D06B51A16669300B43CC3 /* Supporting Files */ = {
			isa = PBXGroup;
			children = (
				434D06B61A16669300B43CC3 /* Info.plist */,
			);
			name = "Supporting Files";
			sourceTree = "<group>";
		};
/* End PBXGroup section */

/* Begin PBXNativeTarget section */
		434D06971A16669300B43CC3 /* Cells */ = {
			isa = PBXNativeTarget;
			buildConfigurationList = 434D06BB1A16669300B43CC3 /* Build configuration list for PBXNativeTarget "Cells" */;
			buildPhases = (
				434D06941A16669300B43CC3 /* Sources */,
				434D06951A16669300B43CC3 /* Frameworks */,
				434D06961A16669300B43CC3 /* Resources */,
			);
			buildRules = (
			);
			dependencies = (
			);
			name = Cells;
			productName = Cells;
			productReference = 434D06981A16669300B43CC3 /* Cells.app */;
			productType = "com.apple.product-type.application";
		};
		434D06B01A16669300B43CC3 /* CellsTests */ = {
			isa = PBXNativeTarget;
			buildConfigurationList = 434D06BE1A16669300B43CC3 /* Build configuration list for PBXNativeTarget "CellsTests" */;
			buildPhases = (
				434D06AD1A16669300B43CC3 /* Sources */,
				434D06AE1A16669300B43CC3 /* Frameworks */,
				434D06AF1A16669300B43CC3 /* Resources */,
			);
			buildRules = (
			);
			dependencies = (
				434D06B31A16669300B43CC3 /* PBXTargetDependency */,
			);
			name = CellsTests;
			productName = CellsTests;
			productReference = 434D06B11A16669300B43CC3 /* CellsTests.xctest */;
			productType = "com.apple.product-type.bundle.unit-test";
		};
/* End PBXNativeTarget section */

/* Begin PBXProject section */
		434D06901A16669300B43CC3 /* Project object */ = {
			isa = PBXProject;
			attributes = {
				LastUpgradeCheck = 0610;
				ORGANIZATIONNAME = xiaoo_gan;
				TargetAttributes = {
					434D06971A16669300B43CC3 = {
						CreatedOnToolsVersion = 6.1;
					};
					434D06B01A16669300B43CC3 = {
						CreatedOnToolsVersion = 6.1;
						TestTargetID = 434D06971A16669300B43CC3;
					};
				};
			};
			buildConfigurationList = 434D06931A16669300B43CC3 /* Build configuration list for PBXProject "Cells" */;
			compatibilityVersion = "Xcode 3.2";
			developmentRegion = English;
			hasScannedForEncodings = 0;
			knownRegions = (
				en,
				Base,
			);
			mainGroup = 434D068F1A16669300B43CC3;
			productRefGroup = 434D06991A16669300B43CC3 /* Products */;
			projectDirPath = "";
			projectRoot = "";
			targets = (
				434D06971A16669300B43CC3 /* Cells */,
				434D06B01A16669300B43CC3 /* CellsTests */,
			);
		};
/* End PBXProject section */

/* Begin PBXResourcesBuildPhase section */
		434D06961A16669300B43CC3 /* Resources */ = {
			isa = PBXResourcesBuildPhase;
			buildActionMask = 2147483647;
			files = (
				4354DD331A1708A70074DBBC /* NameAndColorCell.xib in Resources */,
				434D06A71A16669300B43CC3 /* Main.storyboard in Resources */,
				434D06AC1A16669300B43CC3 /* LaunchScreen.xib in Resources */,
				434D06A91A16669300B43CC3 /* Images.xcassets in Resources */,
			);
			runOnlyForDeploymentPostprocessing = 0;
		};
		434D06AF1A16669300B43CC3 /* Resources */ = {
			isa = PBXResourcesBuildPhase;
			buildActionMask = 2147483647;
			files = (
			);
			runOnlyForDeploymentPostprocessing = 0;
		};
/* End PBXResourcesBuildPhase section */

/* Begin PBXSourcesBuildPhase section */
		434D06941A16669300B43CC3 /* Sources */ = {
			isa = PBXSourcesBuildPhase;
			buildActionMask = 2147483647;
			files = (
				4354DD311A16EF080074DBBC /* NameAndColorCell.m in Sources */,
				434D06A41A16669300B43CC3 /* ViewController.m in Sources */,
				434D06A11A16669300B43CC3 /* AppDelegate.m in Sources */,
				434D069E1A16669300B43CC3 /* main.m in Sources */,
			);
			runOnlyForDeploymentPostprocessing = 0;
		};
		434D06AD1A16669300B43CC3 /* Sources */ = {
			isa = PBXSourcesBuildPhase;
			buildActionMask = 2147483647;
			files = (
				434D06B81A16669300B43CC3 /* CellsTests.m in Sources */,
			);
			runOnlyForDeploymentPostprocessing = 0;
		};
/* End PBXSourcesBuildPhase section */

/* Begin PBXTargetDependency section */
		434D06B31A16669300B43CC3 /* PBXTargetDependency */ = {
			isa = PBXTargetDependency;
			target = 434D06971A16669300B43CC3 /* Cells */;
			targetProxy = 434D06B21A16669300B43CC3 /* PBXContainerItemProxy */;
		};
/* End PBXTargetDependency section */

/* Begin PBXVariantGroup section */
		434D06A51A16669300B43CC3 /* Main.storyboard */ = {
			isa = PBXVariantGroup;
			children = (
				434D06A61A16669300B43CC3 /* Base */,
			);
			name = Main.storyboard;
			sourceTree = "<group>";
		};
		434D06AA1A16669300B43CC3 /* LaunchScreen.xib */ = {
			isa = PBXVariantGroup;
			children = (
				434D06AB1A16669300B43CC3 /* Base */,
			);
			name = LaunchScreen.xib;
			sourceTree = "<group>";
		};
/* End PBXVariantGroup section */

/* Begin XCBuildConfiguration section */
		434D06B91A16669300B43CC3 /* Debug */ = {
			isa = XCBuildConfiguration;
			buildSettings = {
				ALWAYS_SEARCH_USER_PATHS = NO;
				CLANG_CXX_LANGUAGE_STANDARD = "gnu++0x";
				CLANG_CXX_LIBRARY = "libc++";
				CLANG_ENABLE_MODULES = YES;
				CLANG_ENABLE_OBJC_ARC = YES;
				CLANG_WARN_BOOL_CONVERSION = YES;
				CLANG_WARN_CONSTANT_CONVERSION = YES;
				CLANG_WARN_DIRECT_OBJC_ISA_USAGE = YES_ERROR;
				CLANG_WARN_EMPTY_BODY = YES;
				CLANG_WARN_ENUM_CONVERSION = YES;
				CLANG_WARN_INT_CONVERSION = YES;
				CLANG_WARN_OBJC_ROOT_CLASS = YES_ERROR;
				CLANG_WARN_UNREACHABLE_CODE = YES;
				CLANG_WARN__DUPLICATE_METHOD_MATCH = YES;
				"CODE_SIGN_IDENTITY[sdk=iphoneos*]" = "iPhone Developer";
				COPY_PHASE_STRIP = NO;
				ENABLE_STRICT_OBJC_MSGSEND = YES;
				GCC_C_LANGUAGE_STANDARD = gnu99;
				GCC_DYNAMIC_NO_PIC = NO;
				GCC_OPTIMIZATION_LEVEL = 0;
				GCC_PREPROCESSOR_DEFINITIONS = (
					"DEBUG=1",
					"$(inherited)",
				);
				GCC_SYMBOLS_PRIVATE_EXTERN = NO;
				GCC_WARN_64_TO_32_BIT_CONVERSION = YES;
				GCC_WARN_ABOUT_RETURN_TYPE = YES_ERROR;
				GCC_WARN_UNDECLARED_SELECTOR = YES;
				GCC_WARN_UNINITIALIZED_AUTOS = YES_AGGRESSIVE;
				GCC_WARN_UNUSED_FUNCTION = YES;
				GCC_WARN_UNUSED_VARIABLE = YES;
				IPHONEOS_DEPLOYMENT_TARGET = 8.1;
				MTL_ENABLE_DEBUG_INFO = YES;
				ONLY_ACTIVE_ARCH = YES;
				SDKROOT = iphoneos;
			};
			name = Debug;
		};
		434D06BA1A16669300B43CC3 /* Release */ = {
			isa = XCBuildConfiguration;
			buildSettings = {
				ALWAYS_SEARCH_USER_PATHS = NO;
				CLANG_CXX_LANGUAGE_STANDARD = "gnu++0x";
				CLANG_CXX_LIBRARY = "libc++";
				CLANG_ENABLE_MODULES = YES;
				CLANG_ENABLE_OBJC_ARC = YES;
				CLANG_WARN_BOOL_CONVERSION = YES;
				CLANG_WARN_CONSTANT_CONVERSION = YES;
				CLANG_WARN_DIRECT_OBJC_ISA_USAGE = YES_ERROR;
				CLANG_WARN_EMPTY_BODY = YES;
				CLANG_WARN_ENUM_CONVERSION = YES;
				CLANG_WARN_INT_CONVERSION = YES;
				CLANG_WARN_OBJC_ROOT_CLASS = YES_ERROR;
				CLANG_WARN_UNREACHABLE_CODE = YES;
				CLANG_WARN__DUPLICATE_METHOD_MATCH = YES;
				"CODE_SIGN_IDENTITY[sdk=iphoneos*]" = "iPhone Developer";
				COPY_PHASE_STRIP = YES;
				ENABLE_NS_ASSERTIONS = NO;
				ENABLE_STRICT_OBJC_MSGSEND = YES;
				GCC_C_LANGUAGE_STANDARD = gnu99;
				GCC_WARN_64_TO_32_BIT_CONVERSION = YES;
				GCC_WARN_ABOUT_RETURN_TYPE = YES_ERROR;
				GCC_WARN_UNDECLARED_SELECTOR = YES;
				GCC_WARN_UNINITIALIZED_AUTOS = YES_AGGRESSIVE;
				GCC_WARN_UNUSED_FUNCTION = YES;
				GCC_WARN_UNUSED_VARIABLE = YES;
				IPHONEOS_DEPLOYMENT_TARGET = 8.1;
				MTL_ENABLE_DEBUG_INFO = NO;
				SDKROOT = iphoneos;
				VALIDATE_PRODUCT = YES;
			};
			name = Release;
		};
		434D06BC1A16669300B43CC3 /* Debug */ = {
			isa = XCBuildConfiguration;
			buildSettings = {
				ASSETCATALOG_COMPILER_APPICON_NAME = AppIcon;
				INFOPLIST_FILE = Cells/Info.plist;
				LD_RUNPATH_SEARCH_PATHS = "$(inherited) @executable_path/Frameworks";
				PRODUCT_NAME = "$(TARGET_NAME)";
			};
			name = Debug;
		};
		434D06BD1A16669300B43CC3 /* Release */ = {
			isa = XCBuildConfiguration;
			buildSettings = {
				ASSETCATALOG_COMPILER_APPICON_NAME = AppIcon;
				INFOPLIST_FILE = Cells/Info.plist;
				LD_RUNPATH_SEARCH_PATHS = "$(inherited) @executable_path/Frameworks";
				PRODUCT_NAME = "$(TARGET_NAME)";
			};
			name = Release;
		};
		434D06BF1A16669300B43CC3 /* Debug */ = {
			isa = XCBuildConfiguration;
			buildSettings = {
				BUNDLE_LOADER = "$(TEST_HOST)";
				FRAMEWORK_SEARCH_PATHS = (
					"$(SDKROOT)/Developer/Library/Frameworks",
					"$(inherited)",
				);
				GCC_PREPROCESSOR_DEFINITIONS = (
					"DEBUG=1",
					"$(inherited)",
				);
				INFOPLIST_FILE = CellsTests/Info.plist;
				LD_RUNPATH_SEARCH_PATHS = "$(inherited) @executable_path/Frameworks @loader_path/Frameworks";
				PRODUCT_NAME = "$(TARGET_NAME)";
				TEST_HOST = "$(BUILT_PRODUCTS_DIR)/Cells.app/Cells";
			};
			name = Debug;
		};
		434D06C01A16669300B43CC3 /* Release */ = {
			isa = XCBuildConfiguration;
			buildSettings = {
				BUNDLE_LOADER = "$(TEST_HOST)";
				FRAMEWORK_SEARCH_PATHS = (
					"$(SDKROOT)/Developer/Library/Frameworks",
					"$(inherited)",
				);
				INFOPLIST_FILE = CellsTests/Info.plist;
				LD_RUNPATH_SEARCH_PATHS = "$(inherited) @executable_path/Frameworks @loader_path/Frameworks";
				PRODUCT_NAME = "$(TARGET_NAME)";
				TEST_HOST = "$(BUILT_PRODUCTS_DIR)/Cells.app/Cells";
			};
			name = Release;
		};
/* End XCBuildConfiguration section */

/* Begin XCConfigurationList section */
		434D06931A16669300B43CC3 /* Build configuration list for PBXProject "Cells" */ = {
			isa = XCConfigurationList;
			buildConfigurations = (
				434D06B91A16669300B43CC3 /* Debug */,
				434D06BA1A16669300B43CC3 /* Release */,
			);
			defaultConfigurationIsVisible = 0;
			defaultConfigurationName = Release;
		};
		434D06BB1A16669300B43CC3 /* Build configuration list for PBXNativeTarget "Cells" */ = {
			isa = XCConfigurationList;
			buildConfigurations = (
				434D06BC1A16669300B43CC3 /* Debug */,
				434D06BD1A16669300B43CC3 /* Release */,
			);
			defaultConfigurationIsVisible = 0;
			defaultConfigurationName = Release;
		};
		434D06BE1A16669300B43CC3 /* Build configuration list for PBXNativeTarget "CellsTests" */ = {
			isa = XCConfigurationList;
			buildConfigurations = (
				434D06BF1A16669300B43CC3 /* Debug */,
				434D06C01A16669300B43CC3 /* Release */,
			);
			defaultConfigurationIsVisible = 0;
			defaultConfigurationName = Release;
		};
/* End XCConfigurationList section */
	};
	rootObject = 434D06901A16669300B43CC3 /* Project object */;
}
