// !$*UTF8*$!
{
	archiveVersion = 1;
	classes = {
	};
	objectVersion = 46;
	objects = {

/* Begin PBXBuildFile section */
		431210C61A1347B000E86AED /* main.m in Sources */ = {isa = PBXBuildFile; fileRef = 431210C51A1347B000E86AED /* main.m */; };
		431210C91A1347B000E86AED /* AppDelegate.m in Sources */ = {isa = PBXBuildFile; fileRef = 431210C81A1347B000E86AED /* AppDelegate.m */; };
		431210CC1A1347B000E86AED /* ViewController.m in Sources */ = {isa = PBXBuildFile; fileRef = 431210CB1A1347B000E86AED /* ViewController.m */; };
		431210D11A1347B000E86AED /* Images.xcassets in Resources */ = {isa = PBXBuildFile; fileRef = 431210D01A1347B000E86AED /* Images.xcassets */; };
		431210E01A1347B000E86AED /* View_SwitcherTests.m in Sources */ = {isa = PBXBuildFile; fileRef = 431210DF1A1347B000E86AED /* View_SwitcherTests.m */; };
		431210EB1A1349C100E86AED /* SwitcherViewController.m in Sources */ = {isa = PBXBuildFile; fileRef = 431210EA1A1349C100E86AED /* SwitcherViewController.m */; };
		431210EE1A1349F600E86AED /* YellowViewController.m in Sources */ = {isa = PBXBuildFile; fileRef = 431210ED1A1349F600E86AED /* YellowViewController.m */; };
		431210F11A134A0400E86AED /* BlueViewController.m in Sources */ = {isa = PBXBuildFile; fileRef = 431210F01A134A0400E86AED /* BlueViewController.m */; };
		431210F31A134A1A00E86AED /* SwitcherView.xib in Resources */ = {isa = PBXBuildFile; fileRef = 431210F21A134A1A00E86AED /* SwitcherView.xib */; };
		431210F51A134A2A00E86AED /* BlueView.xib in Resources */ = {isa = PBXBuildFile; fileRef = 431210F41A134A2A00E86AED /* BlueView.xib */; };
		431210F71A134A3F00E86AED /* YellowView.xib in Resources */ = {isa = PBXBuildFile; fileRef = 431210F61A134A3F00E86AED /* YellowView.xib */; };
/* End PBXBuildFile section */

/* Begin PBXContainerItemProxy section */
		431210DA1A1347B000E86AED /* PBXContainerItemProxy */ = {
			isa = PBXContainerItemProxy;
			containerPortal = 431210B81A1347B000E86AED /* Project object */;
			proxyType = 1;
			remoteGlobalIDString = 431210BF1A1347B000E86AED;
			remoteInfo = "View Switcher";
		};
/* End PBXContainerItemProxy section */

/* Begin PBXFileReference section */
		431210C01A1347B000E86AED /* View Switcher.app */ = {isa = PBXFileReference; explicitFileType = wrapper.application; includeInIndex = 0; path = "View Switcher.app"; sourceTree = BUILT_PRODUCTS_DIR; };
		431210C41A1347B000E86AED /* Info.plist */ = {isa = PBXFileReference; lastKnownFileType = text.plist.xml; path = Info.plist; sourceTree = "<group>"; };
		431210C51A1347B000E86AED /* main.m */ = {isa = PBXFileReference; lastKnownFileType = sourcecode.c.objc; path = main.m; sourceTree = "<group>"; };
		431210C71A1347B000E86AED /* AppDelegate.h */ = {isa = PBXFileReference; lastKnownFileType = sourcecode.c.h; path = AppDelegate.h; sourceTree = "<group>"; };
		431210C81A1347B000E86AED /* AppDelegate.m */ = {isa = PBXFileReference; lastKnownFileType = sourcecode.c.objc; path = AppDelegate.m; sourceTree = "<group>"; };
		431210CA1A1347B000E86AED /* ViewController.h */ = {isa = PBXFileReference; lastKnownFileType = sourcecode.c.h; path = ViewController.h; sourceTree = "<group>"; };
		431210CB1A1347B000E86AED /* ViewController.m */ = {isa = PBXFileReference; lastKnownFileType = sourcecode.c.objc; path = ViewController.m; sourceTree = "<group>"; };
		431210D01A1347B000E86AED /* Images.xcassets */ = {isa = PBXFileReference; lastKnownFileType = folder.assetcatalog; path = Images.xcassets; sourceTree = "<group>"; };
		431210D91A1347B000E86AED /* View SwitcherTests.xctest */ = {isa = PBXFileReference; explicitFileType = wrapper.cfbundle; includeInIndex = 0; path = "View SwitcherTests.xctest"; sourceTree = BUILT_PRODUCTS_DIR; };
		431210DE1A1347B000E86AED /* Info.plist */ = {isa = PBXFileReference; lastKnownFileType = text.plist.xml; path = Info.plist; sourceTree = "<group>"; };
		431210DF1A1347B000E86AED /* View_SwitcherTests.m */ = {isa = PBXFileReference; lastKnownFileType = sourcecode.c.objc; path = View_SwitcherTests.m; sourceTree = "<group>"; };
		431210E91A1349C100E86AED /* SwitcherViewController.h */ = {isa = PBXFileReference; fileEncoding = 4; lastKnownFileType = sourcecode.c.h; path = SwitcherViewController.h; sourceTree = "<group>"; };
		431210EA1A1349C100E86AED /* SwitcherViewController.m */ = {isa = PBXFileReference; fileEncoding = 4; lastKnownFileType = sourcecode.c.objc; path = SwitcherViewController.m; sourceTree = "<group>"; };
		431210EC1A1349F600E86AED /* YellowViewController.h */ = {isa = PBXFileReference; fileEncoding = 4; lastKnownFileType = sourcecode.c.h; path = YellowViewController.h; sourceTree = "<group>"; };
		431210ED1A1349F600E86AED /* YellowViewController.m */ = {isa = PBXFileReference; fileEncoding = 4; lastKnownFileType = sourcecode.c.objc; path = YellowViewController.m; sourceTree = "<group>"; };
		431210EF1A134A0400E86AED /* BlueViewController.h */ = {isa = PBXFileReference; fileEncoding = 4; lastKnownFileType = sourcecode.c.h; path = BlueViewController.h; sourceTree = "<group>"; };
		431210F01A134A0400E86AED /* BlueViewController.m */ = {isa = PBXFileReference; fileEncoding = 4; lastKnownFileType = sourcecode.c.objc; path = BlueViewController.m; sourceTree = "<group>"; };
		431210F21A134A1A00E86AED /* SwitcherView.xib */ = {isa = PBXFileReference; fileEncoding = 4; lastKnownFileType = file.xib; path = SwitcherView.xib; sourceTree = "<group>"; };
		431210F41A134A2A00E86AED /* BlueView.xib */ = {isa = PBXFileReference; fileEncoding = 4; lastKnownFileType = file.xib; path = BlueView.xib; sourceTree = "<group>"; };
		431210F61A134A3F00E86AED /* YellowView.xib */ = {isa = PBXFileReference; fileEncoding = 4; lastKnownFileType = file.xib; path = YellowView.xib; sourceTree = "<group>"; };
/* End PBXFileReference section */

/* Begin PBXFrameworksBuildPhase section */
		431210BD1A1347B000E86AED /* Frameworks */ = {
			isa = PBXFrameworksBuildPhase;
			buildActionMask = 2147483647;
			files = (
			);
			runOnlyForDeploymentPostprocessing = 0;
		};
		431210D61A1347B000E86AED /* Frameworks */ = {
			isa = PBXFrameworksBuildPhase;
			buildActionMask = 2147483647;
			files = (
			);
			runOnlyForDeploymentPostprocessing = 0;
		};
/* End PBXFrameworksBuildPhase section */

/* Begin PBXGroup section */
		431210B71A1347B000E86AED = {
			isa = PBXGroup;
			children = (
				431210C21A1347B000E86AED /* View Switcher */,
				431210DC1A1347B000E86AED /* View SwitcherTests */,
				431210C11A1347B000E86AED /* Products */,
			);
			sourceTree = "<group>";
		};
		431210C11A1347B000E86AED /* Products */ = {
			isa = PBXGroup;
			children = (
				431210C01A1347B000E86AED /* View Switcher.app */,
				431210D91A1347B000E86AED /* View SwitcherTests.xctest */,
			);
			name = Products;
			sourceTree = "<group>";
		};
		431210C21A1347B000E86AED /* View Switcher */ = {
			isa = PBXGroup;
			children = (
				431210C71A1347B000E86AED /* AppDelegate.h */,
				431210C81A1347B000E86AED /* AppDelegate.m */,
				431210E91A1349C100E86AED /* SwitcherViewController.h */,
				431210EA1A1349C100E86AED /* SwitcherViewController.m */,
				431210EC1A1349F600E86AED /* YellowViewController.h */,
				431210ED1A1349F600E86AED /* YellowViewController.m */,
				431210EF1A134A0400E86AED /* BlueViewController.h */,
				431210F01A134A0400E86AED /* BlueViewController.m */,
				431210F21A134A1A00E86AED /* SwitcherView.xib */,
				431210F41A134A2A00E86AED /* BlueView.xib */,
				431210F61A134A3F00E86AED /* YellowView.xib */,
				431210CA1A1347B000E86AED /* ViewController.h */,
				431210CB1A1347B000E86AED /* ViewController.m */,
				431210D01A1347B000E86AED /* Images.xcassets */,
				431210C31A1347B000E86AED /* Supporting Files */,
			);
			path = "View Switcher";
			sourceTree = "<group>";
		};
		431210C31A1347B000E86AED /* Supporting Files */ = {
			isa = PBXGroup;
			children = (
				431210C41A1347B000E86AED /* Info.plist */,
				431210C51A1347B000E86AED /* main.m */,
			);
			name = "Supporting Files";
			sourceTree = "<group>";
		};
		431210DC1A1347B000E86AED /* View SwitcherTests */ = {
			isa = PBXGroup;
			children = (
				431210DF1A1347B000E86AED /* View_SwitcherTests.m */,
				431210DD1A1347B000E86AED /* Supporting Files */,
			);
			path = "View SwitcherTests";
			sourceTree = "<group>";
		};
		431210DD1A1347B000E86AED /* Supporting Files */ = {
			isa = PBXGroup;
			children = (
				431210DE1A1347B000E86AED /* Info.plist */,
			);
			name = "Supporting Files";
			sourceTree = "<group>";
		};
/* End PBXGroup section */

/* Begin PBXNativeTarget section */
		431210BF1A1347B000E86AED /* View Switcher */ = {
			isa = PBXNativeTarget;
			buildConfigurationList = 431210E31A1347B000E86AED /* Build configuration list for PBXNativeTarget "View Switcher" */;
			buildPhases = (
				431210BC1A1347B000E86AED /* Sources */,
				431210BD1A1347B000E86AED /* Frameworks */,
				431210BE1A1347B000E86AED /* Resources */,
			);
			buildRules = (
			);
			dependencies = (
			);
			name = "View Switcher";
			productName = "View Switcher";
			productReference = 431210C01A1347B000E86AED /* View Switcher.app */;
			productType = "com.apple.product-type.application";
		};
		431210D81A1347B000E86AED /* View SwitcherTests */ = {
			isa = PBXNativeTarget;
			buildConfigurationList = 431210E61A1347B000E86AED /* Build configuration list for PBXNativeTarget "View SwitcherTests" */;
			buildPhases = (
				431210D51A1347B000E86AED /* Sources */,
				431210D61A1347B000E86AED /* Frameworks */,
				431210D71A1347B000E86AED /* Resources */,
			);
			buildRules = (
			);
			dependencies = (
				431210DB1A1347B000E86AED /* PBXTargetDependency */,
			);
			name = "View SwitcherTests";
			productName = "View SwitcherTests";
			productReference = 431210D91A1347B000E86AED /* View SwitcherTests.xctest */;
			productType = "com.apple.product-type.bundle.unit-test";
		};
/* End PBXNativeTarget section */

/* Begin PBXProject section */
		431210B81A1347B000E86AED /* Project object */ = {
			isa = PBXProject;
			attributes = {
				LastUpgradeCheck = 0610;
				ORGANIZATIONNAME = xiaoo_gan;
				TargetAttributes = {
					431210BF1A1347B000E86AED = {
						CreatedOnToolsVersion = 6.1;
					};
					431210D81A1347B000E86AED = {
						CreatedOnToolsVersion = 6.1;
						TestTargetID = 431210BF1A1347B000E86AED;
					};
				};
			};
			buildConfigurationList = 431210BB1A1347B000E86AED /* Build configuration list for PBXProject "View Switcher" */;
			compatibilityVersion = "Xcode 3.2";
			developmentRegion = English;
			hasScannedForEncodings = 0;
			knownRegions = (
				en,
				Base,
			);
			mainGroup = 431210B71A1347B000E86AED;
			productRefGroup = 431210C11A1347B000E86AED /* Products */;
			projectDirPath = "";
			projectRoot = "";
			targets = (
				431210BF1A1347B000E86AED /* View Switcher */,
				431210D81A1347B000E86AED /* View SwitcherTests */,
			);
		};
/* End PBXProject section */

/* Begin PBXResourcesBuildPhase section */
		431210BE1A1347B000E86AED /* Resources */ = {
			isa = PBXResourcesBuildPhase;
			buildActionMask = 2147483647;
			files = (
				431210D11A1347B000E86AED /* Images.xcassets in Resources */,
				431210F51A134A2A00E86AED /* BlueView.xib in Resources */,
				431210F71A134A3F00E86AED /* YellowView.xib in Resources */,
				431210F31A134A1A00E86AED /* SwitcherView.xib in Resources */,
			);
			runOnlyForDeploymentPostprocessing = 0;
		};
		431210D71A1347B000E86AED /* Resources */ = {
			isa = PBXResourcesBuildPhase;
			buildActionMask = 2147483647;
			files = (
			);
			runOnlyForDeploymentPostprocessing = 0;
		};
/* End PBXResourcesBuildPhase section */

/* Begin PBXSourcesBuildPhase section */
		431210BC1A1347B000E86AED /* Sources */ = {
			isa = PBXSourcesBuildPhase;
			buildActionMask = 2147483647;
			files = (
				431210CC1A1347B000E86AED /* ViewController.m in Sources */,
				431210EE1A1349F600E86AED /* YellowViewController.m in Sources */,
				431210F11A134A0400E86AED /* BlueViewController.m in Sources */,
				431210C91A1347B000E86AED /* AppDelegate.m in Sources */,
				431210C61A1347B000E86AED /* main.m in Sources */,
				431210EB1A1349C100E86AED /* SwitcherViewController.m in Sources */,
			);
			runOnlyForDeploymentPostprocessing = 0;
		};
		431210D51A1347B000E86AED /* Sources */ = {
			isa = PBXSourcesBuildPhase;
			buildActionMask = 2147483647;
			files = (
				431210E01A1347B000E86AED /* View_SwitcherTests.m in Sources */,
			);
			runOnlyForDeploymentPostprocessing = 0;
		};
/* End PBXSourcesBuildPhase section */

/* Begin PBXTargetDependency section */
		431210DB1A1347B000E86AED /* PBXTargetDependency */ = {
			isa = PBXTargetDependency;
			target = 431210BF1A1347B000E86AED /* View Switcher */;
			targetProxy = 431210DA1A1347B000E86AED /* PBXContainerItemProxy */;
		};
/* End PBXTargetDependency section */

/* Begin XCBuildConfiguration section */
		431210E11A1347B000E86AED /* Debug */ = {
			isa = XCBuildConfiguration;
			buildSettings = {
				ALWAYS_SEARCH_USER_PATHS = NO;
				CLANG_CXX_LANGUAGE_STANDARD = "gnu++0x";
				CLANG_CXX_LIBRARY = "libc++";
				CLANG_ENABLE_MODULES = YES;
				CLANG_ENABLE_OBJC_ARC = YES;
				CLANG_WARN_BOOL_CONVERSION = YES;
				CLANG_WARN_CONSTANT_CONVERSION = YES;
				CLANG_WARN_DIRECT_OBJC_ISA_USAGE = YES_ERROR;
				CLANG_WARN_EMPTY_BODY = YES;
				CLANG_WARN_ENUM_CONVERSION = YES;
				CLANG_WARN_INT_CONVERSION = YES;
				CLANG_WARN_OBJC_ROOT_CLASS = YES_ERROR;
				CLANG_WARN_UNREACHABLE_CODE = YES;
				CLANG_WARN__DUPLICATE_METHOD_MATCH = YES;
				"CODE_SIGN_IDENTITY[sdk=iphoneos*]" = "iPhone Developer";
				COPY_PHASE_STRIP = NO;
				ENABLE_STRICT_OBJC_MSGSEND = YES;
				GCC_C_LANGUAGE_STANDARD = gnu99;
				GCC_DYNAMIC_NO_PIC = NO;
				GCC_OPTIMIZATION_LEVEL = 0;
				GCC_PREPROCESSOR_DEFINITIONS = (
					"DEBUG=1",
					"$(inherited)",
				);
				GCC_SYMBOLS_PRIVATE_EXTERN = NO;
				GCC_WARN_64_TO_32_BIT_CONVERSION = YES;
				GCC_WARN_ABOUT_RETURN_TYPE = YES_ERROR;
				GCC_WARN_UNDECLARED_SELECTOR = YES;
				GCC_WARN_UNINITIALIZED_AUTOS = YES_AGGRESSIVE;
				GCC_WARN_UNUSED_FUNCTION = YES;
				GCC_WARN_UNUSED_VARIABLE = YES;
				IPHONEOS_DEPLOYMENT_TARGET = 8.1;
				MTL_ENABLE_DEBUG_INFO = YES;
				ONLY_ACTIVE_ARCH = YES;
				SDKROOT = iphoneos;
			};
			name = Debug;
		};
		431210E21A1347B000E86AED /* Release */ = {
			isa = XCBuildConfiguration;
			buildSettings = {
				ALWAYS_SEARCH_USER_PATHS = NO;
				CLANG_CXX_LANGUAGE_STANDARD = "gnu++0x";
				CLANG_CXX_LIBRARY = "libc++";
				CLANG_ENABLE_MODULES = YES;
				CLANG_ENABLE_OBJC_ARC = YES;
				CLANG_WARN_BOOL_CONVERSION = YES;
				CLANG_WARN_CONSTANT_CONVERSION = YES;
				CLANG_WARN_DIRECT_OBJC_ISA_USAGE = YES_ERROR;
				CLANG_WARN_EMPTY_BODY = YES;
				CLANG_WARN_ENUM_CONVERSION = YES;
				CLANG_WARN_INT_CONVERSION = YES;
				CLANG_WARN_OBJC_ROOT_CLASS = YES_ERROR;
				CLANG_WARN_UNREACHABLE_CODE = YES;
				CLANG_WARN__DUPLICATE_METHOD_MATCH = YES;
				"CODE_SIGN_IDENTITY[sdk=iphoneos*]" = "iPhone Developer";
				COPY_PHASE_STRIP = YES;
				ENABLE_NS_ASSERTIONS = NO;
				ENABLE_STRICT_OBJC_MSGSEND = YES;
				GCC_C_LANGUAGE_STANDARD = gnu99;
				GCC_WARN_64_TO_32_BIT_CONVERSION = YES;
				GCC_WARN_ABOUT_RETURN_TYPE = YES_ERROR;
				GCC_WARN_UNDECLARED_SELECTOR = YES;
				GCC_WARN_UNINITIALIZED_AUTOS = YES_AGGRESSIVE;
				GCC_WARN_UNUSED_FUNCTION = YES;
				GCC_WARN_UNUSED_VARIABLE = YES;
				IPHONEOS_DEPLOYMENT_TARGET = 8.1;
				MTL_ENABLE_DEBUG_INFO = NO;
				SDKROOT = iphoneos;
				VALIDATE_PRODUCT = YES;
			};
			name = Release;
		};
		431210E41A1347B000E86AED /* Debug */ = {
			isa = XCBuildConfiguration;
			buildSettings = {
				ASSETCATALOG_COMPILER_APPICON_NAME = AppIcon;
				ASSETCATALOG_COMPILER_LAUNCHIMAGE_NAME = LaunchImage;
				INFOPLIST_FILE = "View Switcher/Info.plist";
				LD_RUNPATH_SEARCH_PATHS = "$(inherited) @executable_path/Frameworks";
				PRODUCT_NAME = "$(TARGET_NAME)";
			};
			name = Debug;
		};
		431210E51A1347B000E86AED /* Release */ = {
			isa = XCBuildConfiguration;
			buildSettings = {
				ASSETCATALOG_COMPILER_APPICON_NAME = AppIcon;
				ASSETCATALOG_COMPILER_LAUNCHIMAGE_NAME = LaunchImage;
				INFOPLIST_FILE = "View Switcher/Info.plist";
				LD_RUNPATH_SEARCH_PATHS = "$(inherited) @executable_path/Frameworks";
				PRODUCT_NAME = "$(TARGET_NAME)";
			};
			name = Release;
		};
		431210E71A1347B000E86AED /* Debug */ = {
			isa = XCBuildConfiguration;
			buildSettings = {
				BUNDLE_LOADER = "$(TEST_HOST)";
				FRAMEWORK_SEARCH_PATHS = (
					"$(SDKROOT)/Developer/Library/Frameworks",
					"$(inherited)",
				);
				GCC_PREPROCESSOR_DEFINITIONS = (
					"DEBUG=1",
					"$(inherited)",
				);
				INFOPLIST_FILE = "View SwitcherTests/Info.plist";
				LD_RUNPATH_SEARCH_PATHS = "$(inherited) @executable_path/Frameworks @loader_path/Frameworks";
				PRODUCT_NAME = "$(TARGET_NAME)";
				TEST_HOST = "$(BUILT_PRODUCTS_DIR)/View Switcher.app/View Switcher";
			};
			name = Debug;
		};
		431210E81A1347B000E86AED /* Release */ = {
			isa = XCBuildConfiguration;
			buildSettings = {
				BUNDLE_LOADER = "$(TEST_HOST)";
				FRAMEWORK_SEARCH_PATHS = (
					"$(SDKROOT)/Developer/Library/Frameworks",
					"$(inherited)",
				);
				INFOPLIST_FILE = "View SwitcherTests/Info.plist";
				LD_RUNPATH_SEARCH_PATHS = "$(inherited) @executable_path/Frameworks @loader_path/Frameworks";
				PRODUCT_NAME = "$(TARGET_NAME)";
				TEST_HOST = "$(BUILT_PRODUCTS_DIR)/View Switcher.app/View Switcher";
			};
			name = Release;
		};
/* End XCBuildConfiguration section */

/* Begin XCConfigurationList section */
		431210BB1A1347B000E86AED /* Build configuration list for PBXProject "View Switcher" */ = {
			isa = XCConfigurationList;
			buildConfigurations = (
				431210E11A1347B000E86AED /* Debug */,
				431210E21A1347B000E86AED /* Release */,
			);
			defaultConfigurationIsVisible = 0;
			defaultConfigurationName = Release;
		};
		431210E31A1347B000E86AED /* Build configuration list for PBXNativeTarget "View Switcher" */ = {
			isa = XCConfigurationList;
			buildConfigurations = (
				431210E41A1347B000E86AED /* Debug */,
				431210E51A1347B000E86AED /* Release */,
			);
			defaultConfigurationIsVisible = 0;
		};
		431210E61A1347B000E86AED /* Build configuration list for PBXNativeTarget "View SwitcherTests" */ = {
			isa = XCConfigurationList;
			buildConfigurations = (
				431210E71A1347B000E86AED /* Debug */,
				431210E81A1347B000E86AED /* Release */,
			);
			defaultConfigurationIsVisible = 0;
		};
/* End XCConfigurationList section */
	};
	rootObject = 431210B81A1347B000E86AED /* Project object */;
}
