// !$*UTF8*$!
{
	archiveVersion = 1;
	classes = {
	};
	objectVersion = 46;
	objects = {

/* Begin PBXBuildFile section */
		434D066C1A16582000B43CC3 /* main.m in Sources */ = {isa = PBXBuildFile; fileRef = 434D066B1A16582000B43CC3 /* main.m */; };
		434D066F1A16582000B43CC3 /* AppDelegate.m in Sources */ = {isa = PBXBuildFile; fileRef = 434D066E1A16582000B43CC3 /* AppDelegate.m */; };
		434D06721A16582000B43CC3 /* ViewController.m in Sources */ = {isa = PBXBuildFile; fileRef = 434D06711A16582000B43CC3 /* ViewController.m */; };
		434D06751A16582000B43CC3 /* Main.storyboard in Resources */ = {isa = PBXBuildFile; fileRef = 434D06731A16582000B43CC3 /* Main.storyboard */; };
		434D06771A16582000B43CC3 /* Images.xcassets in Resources */ = {isa = PBXBuildFile; fileRef = 434D06761A16582000B43CC3 /* Images.xcassets */; };
		434D067A1A16582000B43CC3 /* LaunchScreen.xib in Resources */ = {isa = PBXBuildFile; fileRef = 434D06781A16582000B43CC3 /* LaunchScreen.xib */; };
		434D06861A16582000B43CC3 /* Simple_TableTests.m in Sources */ = {isa = PBXBuildFile; fileRef = 434D06851A16582000B43CC3 /* Simple_TableTests.m */; };
/* End PBXBuildFile section */

/* Begin PBXContainerItemProxy section */
		434D06801A16582000B43CC3 /* PBXContainerItemProxy */ = {
			isa = PBXContainerItemProxy;
			containerPortal = 434D065E1A16582000B43CC3 /* Project object */;
			proxyType = 1;
			remoteGlobalIDString = 434D06651A16582000B43CC3;
			remoteInfo = "Simple Table";
		};
/* End PBXContainerItemProxy section */

/* Begin PBXFileReference section */
		434D06661A16582000B43CC3 /* Simple Table.app */ = {isa = PBXFileReference; explicitFileType = wrapper.application; includeInIndex = 0; path = "Simple Table.app"; sourceTree = BUILT_PRODUCTS_DIR; };
		434D066A1A16582000B43CC3 /* Info.plist */ = {isa = PBXFileReference; lastKnownFileType = text.plist.xml; path = Info.plist; sourceTree = "<group>"; };
		434D066B1A16582000B43CC3 /* main.m */ = {isa = PBXFileReference; lastKnownFileType = sourcecode.c.objc; path = main.m; sourceTree = "<group>"; };
		434D066D1A16582000B43CC3 /* AppDelegate.h */ = {isa = PBXFileReference; lastKnownFileType = sourcecode.c.h; path = AppDelegate.h; sourceTree = "<group>"; };
		434D066E1A16582000B43CC3 /* AppDelegate.m */ = {isa = PBXFileReference; lastKnownFileType = sourcecode.c.objc; path = AppDelegate.m; sourceTree = "<group>"; };
		434D06701A16582000B43CC3 /* ViewController.h */ = {isa = PBXFileReference; lastKnownFileType = sourcecode.c.h; path = ViewController.h; sourceTree = "<group>"; };
		434D06711A16582000B43CC3 /* ViewController.m */ = {isa = PBXFileReference; lastKnownFileType = sourcecode.c.objc; path = ViewController.m; sourceTree = "<group>"; };
		434D06741A16582000B43CC3 /* Base */ = {isa = PBXFileReference; lastKnownFileType = file.storyboard; name = Base; path = Base.lproj/Main.storyboard; sourceTree = "<group>"; };
		434D06761A16582000B43CC3 /* Images.xcassets */ = {isa = PBXFileReference; lastKnownFileType = folder.assetcatalog; path = Images.xcassets; sourceTree = "<group>"; };
		434D06791A16582000B43CC3 /* Base */ = {isa = PBXFileReference; lastKnownFileType = file.xib; name = Base; path = Base.lproj/LaunchScreen.xib; sourceTree = "<group>"; };
		434D067F1A16582000B43CC3 /* Simple TableTests.xctest */ = {isa = PBXFileReference; explicitFileType = wrapper.cfbundle; includeInIndex = 0; path = "Simple TableTests.xctest"; sourceTree = BUILT_PRODUCTS_DIR; };
		434D06841A16582000B43CC3 /* Info.plist */ = {isa = PBXFileReference; lastKnownFileType = text.plist.xml; path = Info.plist; sourceTree = "<group>"; };
		434D06851A16582000B43CC3 /* Simple_TableTests.m */ = {isa = PBXFileReference; lastKnownFileType = sourcecode.c.objc; path = Simple_TableTests.m; sourceTree = "<group>"; };
/* End PBXFileReference section */

/* Begin PBXFrameworksBuildPhase section */
		434D06631A16582000B43CC3 /* Frameworks */ = {
			isa = PBXFrameworksBuildPhase;
			buildActionMask = 2147483647;
			files = (
			);
			runOnlyForDeploymentPostprocessing = 0;
		};
		434D067C1A16582000B43CC3 /* Frameworks */ = {
			isa = PBXFrameworksBuildPhase;
			buildActionMask = 2147483647;
			files = (
			);
			runOnlyForDeploymentPostprocessing = 0;
		};
/* End PBXFrameworksBuildPhase section */

/* Begin PBXGroup section */
		434D065D1A16582000B43CC3 = {
			isa = PBXGroup;
			children = (
				434D06681A16582000B43CC3 /* Simple Table */,
				434D06821A16582000B43CC3 /* Simple TableTests */,
				434D06671A16582000B43CC3 /* Products */,
			);
			sourceTree = "<group>";
		};
		434D06671A16582000B43CC3 /* Products */ = {
			isa = PBXGroup;
			children = (
				434D06661A16582000B43CC3 /* Simple Table.app */,
				434D067F1A16582000B43CC3 /* Simple TableTests.xctest */,
			);
			name = Products;
			sourceTree = "<group>";
		};
		434D06681A16582000B43CC3 /* Simple Table */ = {
			isa = PBXGroup;
			children = (
				434D066D1A16582000B43CC3 /* AppDelegate.h */,
				434D066E1A16582000B43CC3 /* AppDelegate.m */,
				434D06701A16582000B43CC3 /* ViewController.h */,
				434D06711A16582000B43CC3 /* ViewController.m */,
				434D06731A16582000B43CC3 /* Main.storyboard */,
				434D06761A16582000B43CC3 /* Images.xcassets */,
				434D06781A16582000B43CC3 /* LaunchScreen.xib */,
				434D06691A16582000B43CC3 /* Supporting Files */,
			);
			path = "Simple Table";
			sourceTree = "<group>";
		};
		434D06691A16582000B43CC3 /* Supporting Files */ = {
			isa = PBXGroup;
			children = (
				434D066A1A16582000B43CC3 /* Info.plist */,
				434D066B1A16582000B43CC3 /* main.m */,
			);
			name = "Supporting Files";
			sourceTree = "<group>";
		};
		434D06821A16582000B43CC3 /* Simple TableTests */ = {
			isa = PBXGroup;
			children = (
				434D06851A16582000B43CC3 /* Simple_TableTests.m */,
				434D06831A16582000B43CC3 /* Supporting Files */,
			);
			path = "Simple TableTests";
			sourceTree = "<group>";
		};
		434D06831A16582000B43CC3 /* Supporting Files */ = {
			isa = PBXGroup;
			children = (
				434D06841A16582000B43CC3 /* Info.plist */,
			);
			name = "Supporting Files";
			sourceTree = "<group>";
		};
/* End PBXGroup section */

/* Begin PBXNativeTarget section */
		434D06651A16582000B43CC3 /* Simple Table */ = {
			isa = PBXNativeTarget;
			buildConfigurationList = 434D06891A16582000B43CC3 /* Build configuration list for PBXNativeTarget "Simple Table" */;
			buildPhases = (
				434D06621A16582000B43CC3 /* Sources */,
				434D06631A16582000B43CC3 /* Frameworks */,
				434D06641A16582000B43CC3 /* Resources */,
			);
			buildRules = (
			);
			dependencies = (
			);
			name = "Simple Table";
			productName = "Simple Table";
			productReference = 434D06661A16582000B43CC3 /* Simple Table.app */;
			productType = "com.apple.product-type.application";
		};
		434D067E1A16582000B43CC3 /* Simple TableTests */ = {
			isa = PBXNativeTarget;
			buildConfigurationList = 434D068C1A16582000B43CC3 /* Build configuration list for PBXNativeTarget "Simple TableTests" */;
			buildPhases = (
				434D067B1A16582000B43CC3 /* Sources */,
				434D067C1A16582000B43CC3 /* Frameworks */,
				434D067D1A16582000B43CC3 /* Resources */,
			);
			buildRules = (
			);
			dependencies = (
				434D06811A16582000B43CC3 /* PBXTargetDependency */,
			);
			name = "Simple TableTests";
			productName = "Simple TableTests";
			productReference = 434D067F1A16582000B43CC3 /* Simple TableTests.xctest */;
			productType = "com.apple.product-type.bundle.unit-test";
		};
/* End PBXNativeTarget section */

/* Begin PBXProject section */
		434D065E1A16582000B43CC3 /* Project object */ = {
			isa = PBXProject;
			attributes = {
				LastUpgradeCheck = 0610;
				ORGANIZATIONNAME = xiaoo_gan;
				TargetAttributes = {
					434D06651A16582000B43CC3 = {
						CreatedOnToolsVersion = 6.1;
					};
					434D067E1A16582000B43CC3 = {
						CreatedOnToolsVersion = 6.1;
						TestTargetID = 434D06651A16582000B43CC3;
					};
				};
			};
			buildConfigurationList = 434D06611A16582000B43CC3 /* Build configuration list for PBXProject "Simple Table" */;
			compatibilityVersion = "Xcode 3.2";
			developmentRegion = English;
			hasScannedForEncodings = 0;
			knownRegions = (
				en,
				Base,
			);
			mainGroup = 434D065D1A16582000B43CC3;
			productRefGroup = 434D06671A16582000B43CC3 /* Products */;
			projectDirPath = "";
			projectRoot = "";
			targets = (
				434D06651A16582000B43CC3 /* Simple Table */,
				434D067E1A16582000B43CC3 /* Simple TableTests */,
			);
		};
/* End PBXProject section */

/* Begin PBXResourcesBuildPhase section */
		434D06641A16582000B43CC3 /* Resources */ = {
			isa = PBXResourcesBuildPhase;
			buildActionMask = 2147483647;
			files = (
				434D06751A16582000B43CC3 /* Main.storyboard in Resources */,
				434D067A1A16582000B43CC3 /* LaunchScreen.xib in Resources */,
				434D06771A16582000B43CC3 /* Images.xcassets in Resources */,
			);
			runOnlyForDeploymentPostprocessing = 0;
		};
		434D067D1A16582000B43CC3 /* Resources */ = {
			isa = PBXResourcesBuildPhase;
			buildActionMask = 2147483647;
			files = (
			);
			runOnlyForDeploymentPostprocessing = 0;
		};
/* End PBXResourcesBuildPhase section */

/* Begin PBXSourcesBuildPhase section */
		434D06621A16582000B43CC3 /* Sources */ = {
			isa = PBXSourcesBuildPhase;
			buildActionMask = 2147483647;
			files = (
				434D06721A16582000B43CC3 /* ViewController.m in Sources */,
				434D066F1A16582000B43CC3 /* AppDelegate.m in Sources */,
				434D066C1A16582000B43CC3 /* main.m in Sources */,
			);
			runOnlyForDeploymentPostprocessing = 0;
		};
		434D067B1A16582000B43CC3 /* Sources */ = {
			isa = PBXSourcesBuildPhase;
			buildActionMask = 2147483647;
			files = (
				434D06861A16582000B43CC3 /* Simple_TableTests.m in Sources */,
			);
			runOnlyForDeploymentPostprocessing = 0;
		};
/* End PBXSourcesBuildPhase section */

/* Begin PBXTargetDependency section */
		434D06811A16582000B43CC3 /* PBXTargetDependency */ = {
			isa = PBXTargetDependency;
			target = 434D06651A16582000B43CC3 /* Simple Table */;
			targetProxy = 434D06801A16582000B43CC3 /* PBXContainerItemProxy */;
		};
/* End PBXTargetDependency section */

/* Begin PBXVariantGroup section */
		434D06731A16582000B43CC3 /* Main.storyboard */ = {
			isa = PBXVariantGroup;
			children = (
				434D06741A16582000B43CC3 /* Base */,
			);
			name = Main.storyboard;
			sourceTree = "<group>";
		};
		434D06781A16582000B43CC3 /* LaunchScreen.xib */ = {
			isa = PBXVariantGroup;
			children = (
				434D06791A16582000B43CC3 /* Base */,
			);
			name = LaunchScreen.xib;
			sourceTree = "<group>";
		};
/* End PBXVariantGroup section */

/* Begin XCBuildConfiguration section */
		434D06871A16582000B43CC3 /* Debug */ = {
			isa = XCBuildConfiguration;
			buildSettings = {
				ALWAYS_SEARCH_USER_PATHS = NO;
				CLANG_CXX_LANGUAGE_STANDARD = "gnu++0x";
				CLANG_CXX_LIBRARY = "libc++";
				CLANG_ENABLE_MODULES = YES;
				CLANG_ENABLE_OBJC_ARC = YES;
				CLANG_WARN_BOOL_CONVERSION = YES;
				CLANG_WARN_CONSTANT_CONVERSION = YES;
				CLANG_WARN_DIRECT_OBJC_ISA_USAGE = YES_ERROR;
				CLANG_WARN_EMPTY_BODY = YES;
				CLANG_WARN_ENUM_CONVERSION = YES;
				CLANG_WARN_INT_CONVERSION = YES;
				CLANG_WARN_OBJC_ROOT_CLASS = YES_ERROR;
				CLANG_WARN_UNREACHABLE_CODE = YES;
				CLANG_WARN__DUPLICATE_METHOD_MATCH = YES;
				"CODE_SIGN_IDENTITY[sdk=iphoneos*]" = "iPhone Developer";
				COPY_PHASE_STRIP = NO;
				ENABLE_STRICT_OBJC_MSGSEND = YES;
				GCC_C_LANGUAGE_STANDARD = gnu99;
				GCC_DYNAMIC_NO_PIC = NO;
				GCC_OPTIMIZATION_LEVEL = 0;
				GCC_PREPROCESSOR_DEFINITIONS = (
					"DEBUG=1",
					"$(inherited)",
				);
				GCC_SYMBOLS_PRIVATE_EXTERN = NO;
				GCC_WARN_64_TO_32_BIT_CONVERSION = YES;
				GCC_WARN_ABOUT_RETURN_TYPE = YES_ERROR;
				GCC_WARN_UNDECLARED_SELECTOR = YES;
				GCC_WARN_UNINITIALIZED_AUTOS = YES_AGGRESSIVE;
				GCC_WARN_UNUSED_FUNCTION = YES;
				GCC_WARN_UNUSED_VARIABLE = YES;
				IPHONEOS_DEPLOYMENT_TARGET = 8.1;
				MTL_ENABLE_DEBUG_INFO = YES;
				ONLY_ACTIVE_ARCH = YES;
				SDKROOT = iphoneos;
			};
			name = Debug;
		};
		434D06881A16582000B43CC3 /* Release */ = {
			isa = XCBuildConfiguration;
			buildSettings = {
				ALWAYS_SEARCH_USER_PATHS = NO;
				CLANG_CXX_LANGUAGE_STANDARD = "gnu++0x";
				CLANG_CXX_LIBRARY = "libc++";
				CLANG_ENABLE_MODULES = YES;
				CLANG_ENABLE_OBJC_ARC = YES;
				CLANG_WARN_BOOL_CONVERSION = YES;
				CLANG_WARN_CONSTANT_CONVERSION = YES;
				CLANG_WARN_DIRECT_OBJC_ISA_USAGE = YES_ERROR;
				CLANG_WARN_EMPTY_BODY = YES;
				CLANG_WARN_ENUM_CONVERSION = YES;
				CLANG_WARN_INT_CONVERSION = YES;
				CLANG_WARN_OBJC_ROOT_CLASS = YES_ERROR;
				CLANG_WARN_UNREACHABLE_CODE = YES;
				CLANG_WARN__DUPLICATE_METHOD_MATCH = YES;
				"CODE_SIGN_IDENTITY[sdk=iphoneos*]" = "iPhone Developer";
				COPY_PHASE_STRIP = YES;
				ENABLE_NS_ASSERTIONS = NO;
				ENABLE_STRICT_OBJC_MSGSEND = YES;
				GCC_C_LANGUAGE_STANDARD = gnu99;
				GCC_WARN_64_TO_32_BIT_CONVERSION = YES;
				GCC_WARN_ABOUT_RETURN_TYPE = YES_ERROR;
				GCC_WARN_UNDECLARED_SELECTOR = YES;
				GCC_WARN_UNINITIALIZED_AUTOS = YES_AGGRESSIVE;
				GCC_WARN_UNUSED_FUNCTION = YES;
				GCC_WARN_UNUSED_VARIABLE = YES;
				IPHONEOS_DEPLOYMENT_TARGET = 8.1;
				MTL_ENABLE_DEBUG_INFO = NO;
				SDKROOT = iphoneos;
				VALIDATE_PRODUCT = YES;
			};
			name = Release;
		};
		434D068A1A16582000B43CC3 /* Debug */ = {
			isa = XCBuildConfiguration;
			buildSettings = {
				ASSETCATALOG_COMPILER_APPICON_NAME = AppIcon;
				INFOPLIST_FILE = "Simple Table/Info.plist";
				LD_RUNPATH_SEARCH_PATHS = "$(inherited) @executable_path/Frameworks";
				PRODUCT_NAME = "$(TARGET_NAME)";
			};
			name = Debug;
		};
		434D068B1A16582000B43CC3 /* Release */ = {
			isa = XCBuildConfiguration;
			buildSettings = {
				ASSETCATALOG_COMPILER_APPICON_NAME = AppIcon;
				INFOPLIST_FILE = "Simple Table/Info.plist";
				LD_RUNPATH_SEARCH_PATHS = "$(inherited) @executable_path/Frameworks";
				PRODUCT_NAME = "$(TARGET_NAME)";
			};
			name = Release;
		};
		434D068D1A16582000B43CC3 /* Debug */ = {
			isa = XCBuildConfiguration;
			buildSettings = {
				BUNDLE_LOADER = "$(TEST_HOST)";
				FRAMEWORK_SEARCH_PATHS = (
					"$(SDKROOT)/Developer/Library/Frameworks",
					"$(inherited)",
				);
				GCC_PREPROCESSOR_DEFINITIONS = (
					"DEBUG=1",
					"$(inherited)",
				);
				INFOPLIST_FILE = "Simple TableTests/Info.plist";
				LD_RUNPATH_SEARCH_PATHS = "$(inherited) @executable_path/Frameworks @loader_path/Frameworks";
				PRODUCT_NAME = "$(TARGET_NAME)";
				TEST_HOST = "$(BUILT_PRODUCTS_DIR)/Simple Table.app/Simple Table";
			};
			name = Debug;
		};
		434D068E1A16582000B43CC3 /* Release */ = {
			isa = XCBuildConfiguration;
			buildSettings = {
				BUNDLE_LOADER = "$(TEST_HOST)";
				FRAMEWORK_SEARCH_PATHS = (
					"$(SDKROOT)/Developer/Library/Frameworks",
					"$(inherited)",
				);
				INFOPLIST_FILE = "Simple TableTests/Info.plist";
				LD_RUNPATH_SEARCH_PATHS = "$(inherited) @executable_path/Frameworks @loader_path/Frameworks";
				PRODUCT_NAME = "$(TARGET_NAME)";
				TEST_HOST = "$(BUILT_PRODUCTS_DIR)/Simple Table.app/Simple Table";
			};
			name = Release;
		};
/* End XCBuildConfiguration section */

/* Begin XCConfigurationList section */
		434D06611A16582000B43CC3 /* Build configuration list for PBXProject "Simple Table" */ = {
			isa = XCConfigurationList;
			buildConfigurations = (
				434D06871A16582000B43CC3 /* Debug */,
				434D06881A16582000B43CC3 /* Release */,
			);
			defaultConfigurationIsVisible = 0;
			defaultConfigurationName = Release;
		};
		434D06891A16582000B43CC3 /* Build configuration list for PBXNativeTarget "Simple Table" */ = {
			isa = XCConfigurationList;
			buildConfigurations = (
				434D068A1A16582000B43CC3 /* Debug */,
				434D068B1A16582000B43CC3 /* Release */,
			);
			defaultConfigurationIsVisible = 0;
		};
		434D068C1A16582000B43CC3 /* Build configuration list for PBXNativeTarget "Simple TableTests" */ = {
			isa = XCConfigurationList;
			buildConfigurations = (
				434D068D1A16582000B43CC3 /* Debug */,
				434D068E1A16582000B43CC3 /* Release */,
			);
			defaultConfigurationIsVisible = 0;
		};
/* End XCConfigurationList section */
	};
	rootObject = 434D065E1A16582000B43CC3 /* Project object */;
}
